
Microsoft Visual Studio Solution File, Format Version 12.00
# Visual Studio Version 16
VisualStudioVersion = 16.0.30128.74
MinimumVisualStudioVersion = 10.0.40219.1
Project("{FAE04EC0-301F-11D3-BF4B-00C04F79EFBC}") = "TinifyClient", "TinifyClient.csproj", "{7B83C4B6-79A6-4F4C-9467-D1FFBD889079}"
EndProject
Global
	GlobalSection(SolutionConfigurationPlatforms) = preSolution
		Debug|Any CPU = Debug|Any CPU
		Release|Any CPU = Release|Any CPU
	EndGlobalSection
	GlobalSection(ProjectConfigurationPlatforms) = postSolution
		{7B83C4B6-79A6-4F4C-9467-D1FFBD889079}.Debug|Any CPU.ActiveCfg = Debug|Any CPU
		{7B83C4B6-79A6-4F4C-9467-D1FFBD889079}.Debug|Any CPU.Build.0 = Debug|Any CPU
		{7B83C4B6-79A6-4F4C-9467-D1FFBD889079}.Release|Any CPU.ActiveCfg = Release|Any CPU
		{7B83C4B6-79A6-4F4C-9467-D1FFBD889079}.Release|Any CPU.Build.0 = Release|Any CPU
	EndGlobalSection
	GlobalSection(SolutionProperties) = preSolution
		HideSolutionNode = FALSE
	EndGlobalSection
	GlobalSection(ExtensibilityGlobals) = postSolution
		SolutionGuid = {58DC3955-22C7-4C67-9D13-A1C7B791FA71}
	EndGlobalSection
EndGlobal
